
Microsoft Visual Studio Solution File, Format Version 12.00
# Visual Studio Version 17
VisualStudioVersion = 17.7.34031.279
MinimumVisualStudioVersion = 10.0.40219.1
Project("{FAE04EC0-301F-11D3-BF4B-00C04F79EFBC}") = "GameDevOfficial", "GameDevOfficial\GameDevOfficial.csproj", "{7BA71F6B-1CE0-4918-89FB-AAC6ED32B645}"
EndProject
Global
	GlobalSection(SolutionConfigurationPlatforms) = preSolution
		Debug|Any CPU = Debug|Any CPU
		Release|Any CPU = Release|Any CPU
	EndGlobalSection
	GlobalSection(ProjectConfigurationPlatforms) = postSolution
		{7BA71F6B-1CE0-4918-89FB-AAC6ED32B645}.Debug|Any CPU.ActiveCfg = Debug|Any CPU
		{7BA71F6B-1CE0-4918-89FB-AAC6ED32B645}.Debug|Any CPU.Build.0 = Debug|Any CPU
		{7BA71F6B-1CE0-4918-89FB-AAC6ED32B645}.Release|Any CPU.ActiveCfg = Release|Any CPU
		{7BA71F6B-1CE0-4918-89FB-AAC6ED32B645}.Release|Any CPU.Build.0 = Release|Any CPU
	EndGlobalSection
	GlobalSection(SolutionProperties) = preSolution
		HideSolutionNode = FALSE
	EndGlobalSection
	GlobalSection(ExtensibilityGlobals) = postSolution
		SolutionGuid = {13869CEC-DB8D-4E9D-A4A3-4915BAC11A6E}
	EndGlobalSection
EndGlobal
